
Microsoft Visual Studio Solution File, Format Version 12.00
# Visual Studio Version 16
VisualStudioVersion = 16.0.31729.503
MinimumVisualStudioVersion = 10.0.40219.1
Project("{FAE04EC0-301F-11D3-BF4B-00C04F79EFBC}") = "DZ6_NickPustovoy_IVT21B_VAR2", "DZ6_NickPustovoy_IVT21B_VAR2.csproj", "{F8ADF68F-9B53-40BF-82F2-E692C35F9DA1}"
EndProject
Global
	GlobalSection(SolutionConfigurationPlatforms) = preSolution
		Debug|Any CPU = Debug|Any CPU
		Release|Any CPU = Release|Any CPU
	EndGlobalSection
	GlobalSection(ProjectConfigurationPlatforms) = postSolution
		{F8ADF68F-9B53-40BF-82F2-E692C35F9DA1}.Debug|Any CPU.ActiveCfg = Debug|Any CPU
		{F8ADF68F-9B53-40BF-82F2-E692C35F9DA1}.Debug|Any CPU.Build.0 = Debug|Any CPU
		{F8ADF68F-9B53-40BF-82F2-E692C35F9DA1}.Release|Any CPU.ActiveCfg = Release|Any CPU
		{F8ADF68F-9B53-40BF-82F2-E692C35F9DA1}.Release|Any CPU.Build.0 = Release|Any CPU
	EndGlobalSection
	GlobalSection(SolutionProperties) = preSolution
		HideSolutionNode = FALSE
	EndGlobalSection
	GlobalSection(ExtensibilityGlobals) = postSolution
		SolutionGuid = {826D2CCF-DA68-43CC-B561-0F79DF2FA326}
	EndGlobalSection
EndGlobal
